
Microsoft Visual Studio Solution File, Format Version 12.00
# Visual Studio Version 17
VisualStudioVersion = 17.10.35027.167
MinimumVisualStudioVersion = 10.0.40219.1
Project("{FAE04EC0-301F-11D3-BF4B-00C04F79EFBC}") = "SwitchToPcSave", "SwitchToPcSave.csproj", "{15DA9409-B66A-4648-928A-EDB96FB99826}"
EndProject
Global
	GlobalSection(SolutionConfigurationPlatforms) = preSolution
		Debug|Any CPU = Debug|Any CPU
		Release|Any CPU = Release|Any CPU
	EndGlobalSection
	GlobalSection(ProjectConfigurationPlatforms) = postSolution
		{15DA9409-B66A-4648-928A-EDB96FB99826}.Debug|Any CPU.ActiveCfg = Debug|Any CPU
		{15DA9409-B66A-4648-928A-EDB96FB99826}.Debug|Any CPU.Build.0 = Debug|Any CPU
		{15DA9409-B66A-4648-928A-EDB96FB99826}.Release|Any CPU.ActiveCfg = Release|Any CPU
		{15DA9409-B66A-4648-928A-EDB96FB99826}.Release|Any CPU.Build.0 = Release|Any CPU
	EndGlobalSection
	GlobalSection(SolutionProperties) = preSolution
		HideSolutionNode = FALSE
	EndGlobalSection
	GlobalSection(ExtensibilityGlobals) = postSolution
		SolutionGuid = {37F107A2-DC67-4A0F-BFEA-EB41032387BD}
	EndGlobalSection
EndGlobal
